{
  "nodes": {
    "agenix": {
      "inputs": {
        "darwin": [
          "nix-darwin"
        ],
        "home-manager": [
          "home-manager"
        ],
        "nixpkgs": [
          "nixpkgs"
        ],
        "systems": [
          "flake-utils",
          "systems"
        ]
      },
      "locked": {
        "lastModified": 1770165109,
        "narHash": "sha256-9VnK6Oqai65puVJ4WYtCTvlJeXxMzAp/69HhQuTdl/I=",
        "owner": "ryantm",
        "repo": "agenix",
        "rev": "b027ee29d959fda4b60b57566d64c98a202e0feb",
        "type": "github"
      },
      "original": {
        "owner": "ryantm",
        "repo": "agenix",
        "type": "github"
      }
    },
    "beam-flakes": {
      "inputs": {
        "flake-parts": [
          "flake-parts"
        ],
        "nixpkgs": [
          "nixpkgs"
        ]
      },
      "locked": {
        "lastModified": 1777064945,
        "narHash": "sha256-KSlUHMp3G0EKdq36gBGDj/Y3utQVXJjMaqEzxBh4WQw=",
        "owner": "elixir-tools",
        "repo": "nix-beam-flakes",
        "rev": "c93ebc9a50a018cbb78f44cd8e9cf62e14c20a5e",
        "type": "github"
      },
      "original": {
        "owner": "elixir-tools",
        "repo": "nix-beam-flakes",
        "type": "github"
      }
    },
    "blueprint": {
      "inputs": {
        "nixpkgs": [
          "nixpkgs"
        ],
        "systems": [
          "systems"
        ]
      },
      "locked": {
        "lastModified": 1776249299,
        "narHash": "sha256-Dt9t1TGRmJFc0xVYhttNBD6QsAgHOHCArqGa0AyjrJY=",
        "owner": "numtide",
        "repo": "blueprint",
        "rev": "56131e8628f173d24a27f6d27c0215eff57e40dd",
        "type": "github"
      },
      "original": {
        "owner": "numtide",
        "repo": "blueprint",
        "type": "github"
      }
    },
    "brew-src": {
      "flake": false,
      "locked": {
        "lastModified": 1776478798,
        "narHash": "sha256-ERStG27tf83VbCfYMxtDSs+sa8FUMJ/3jSu/QfX9rKE=",
        "owner": "Homebrew",
        "repo": "brew",
        "rev": "3aae056b8d072624255bc8fd27febb7f327b2265",
        "type": "github"
      },
      "original": {
        "owner": "Homebrew",
        "ref": "5.1.7",
        "repo": "brew",
        "type": "github"
      }
    },
    "bun2nix": {
      "inputs": {
        "flake-parts": [
          "flake-parts"
        ],
        "import-tree": [
          "import-tree"
        ],
        "nixpkgs": [
          "nixpkgs"
        ],
        "systems": [
          "systems"
        ],
        "treefmt-nix": [
          "treefmt-nix"
        ]
      },
      "locked": {
        "lastModified": 1770895533,
        "narHash": "sha256-v3QaK9ugy9bN9RXDnjw0i2OifKmz2NnKM82agtqm/UY=",
        "owner": "nix-community",
        "repo": "bun2nix",
        "rev": "c843f477b15f51151f8c6bcc886954699440a6e1",
        "type": "github"
      },
      "original": {
        "owner": "nix-community",
        "repo": "bun2nix",
        "type": "github"
      }
    },
    "catppuccin": {
      "inputs": {
        "nixpkgs": [
          "nixpkgs"
        ]
      },
      "locked": {
        "lastModified": 1768256610,
        "narHash": "sha256-IyL6nZo242nDLoLQVwkqAZXp8FO5kBfjL6Fuh+gZO10=",
        "owner": "catppuccin",
        "repo": "nix",
        "rev": "0734ad8c91342df34f1a1e5c183d053d70ba87c7",
        "type": "github"
      },
      "original": {
        "owner": "catppuccin",
        "ref": "release-25.11",
        "repo": "nix",
        "type": "github"
      }
    },
    "crane": {
      "locked": {
        "lastModified": 1777830388,
        "narHash": "sha256-2uoQAqUk2H0ijQtGiWAyNeQYGYc6yfAcRRLlJAz4Gp8=",
        "owner": "ipetkov",
        "repo": "crane",
        "rev": "d459c1350e96ce1a7e3859c513ef5e9869d67d6f",
        "type": "github"
      },
      "original": {
        "owner": "ipetkov",
        "repo": "crane",
        "type": "github"
      }
    },
    "deploy-rs": {
      "inputs": {
        "flake-compat": [
          "flake-compat"
        ],
        "nixpkgs": [
          "nixpkgs"
        ],
        "utils": [
          "flake-utils"
        ]
      },
      "locked": {
        "lastModified": 1770019181,
        "narHash": "sha256-hwsYgDnby50JNVpTRYlF3UR/Rrpt01OrxVuryF40CFY=",
        "owner": "serokell",
        "repo": "deploy-rs",
        "rev": "77c906c0ba56aabdbc72041bf9111b565cdd6171",
        "type": "github"
      },
      "original": {
        "owner": "serokell",
        "repo": "deploy-rs",
        "type": "github"
      }
    },
    "determinate": {
      "inputs": {
        "determinate-nixd-aarch64-darwin": "determinate-nixd-aarch64-darwin",
        "determinate-nixd-aarch64-linux": "determinate-nixd-aarch64-linux",
        "determinate-nixd-x86_64-linux": "determinate-nixd-x86_64-linux",
        "nix": "nix",
        "nixpkgs": "nixpkgs_2"
      },
      "locked": {
        "lastModified": 1777920462,
        "narHash": "sha256-LcwRttYxf2u6WUQC53alL0mdEoAJjOZ3AVMVXj2SdgI=",
        "rev": "f3e0ac2fd392912b6af164b61b9aeadb7a4c1ef1",
        "revCount": 415,
        "type": "tarball",
        "url": "https://api.flakehub.com/f/pinned/DeterminateSystems/determinate/3.19.1/019df455-18df-7300-905f-4cd973ae848d/source.tar.gz"
      },
      "original": {
        "type": "tarball",
        "url": "https://flakehub.com/f/DeterminateSystems/determinate/3"
      }
    },
    "determinate-nixd-aarch64-darwin": {
      "flake": false,
      "locked": {
        "narHash": "sha256-+d0XZPSqqTSPrSMSf1Vz/ipsZhnW+p27RH0d6XywOMU=",
        "type": "file",
        "url": "https://install.determinate.systems/determinate-nixd/tag/v3.19.1/macOS"
      },
      "original": {
        "type": "file",
        "url": "https://install.determinate.systems/determinate-nixd/tag/v3.19.1/macOS"
      }
    },
    "determinate-nixd-aarch64-linux": {
      "flake": false,
      "locked": {
        "narHash": "sha256-oCCfgSQZBdiNBRolKQHap9En1JU+62pZd1M7kkvpqQ8=",
        "type": "file",
        "url": "https://install.determinate.systems/determinate-nixd/tag/v3.19.1/aarch64-linux"
      },
      "original": {
        "type": "file",
        "url": "https://install.determinate.systems/determinate-nixd/tag/v3.19.1/aarch64-linux"
      }
    },
    "determinate-nixd-x86_64-linux": {
      "flake": false,
      "locked": {
        "narHash": "sha256-F/Csmk0KQas8anb9nepMyqMptMHMoShmOljomLEK5Wo=",
        "type": "file",
        "url": "https://install.determinate.systems/determinate-nixd/tag/v3.19.1/x86_64-linux"
      },
      "original": {
        "type": "file",
        "url": "https://install.determinate.systems/determinate-nixd/tag/v3.19.1/x86_64-linux"
      }
    },
    "disko": {
      "inputs": {
        "nixpkgs": [
          "nixpkgs"
        ]
      },
      "locked": {
        "lastModified": 1768916804,
        "narHash": "sha256-mdQZYN8bOK5T4/i1d0HXcBp1id2h8a1YxlH0MeDMXVg=",
        "rev": "6d224fe8309f5855cafbd418f48c55b18eec2da1",
        "revCount": 1311,
        "type": "tarball",
        "url": "https://api.flakehub.com/f/pinned/nix-community/disko/1.13.0/019bdba9-f1ea-7693-afdb-10e0e857365a/source.tar.gz"
      },
      "original": {
        "type": "tarball",
        "url": "https://flakehub.com/f/nix-community/disko/1"
      }
    },
    "elixir-expert": {
      "inputs": {
        "beam-flakes": [
          "beam-flakes"
        ],
        "flake-parts": [
          "flake-parts"
        ],
        "nixpkgs": [
          "nixpkgs"
        ]
      },
      "locked": {
        "lastModified": 1777923227,
        "narHash": "sha256-I24eqwhXlVwoqFlbj8PhMkcgYb7eeq/v4N0moOwdbME=",
        "owner": "elixir-lang",
        "repo": "expert",
        "rev": "d1cac1d9af33acacc0c41f87701e244a995465d2",
        "type": "github"
      },
      "original": {
        "owner": "elixir-lang",
        "repo": "expert",
        "type": "github"
      }
    },
    "flake-compat": {
      "flake": false,
      "locked": {
        "lastModified": 1696426674,
        "narHash": "sha256-kvjfFW7WAETZlt09AgDn1MrtKzP7t90Vf7vypd3OL1U=",
        "owner": "edolstra",
        "repo": "flake-compat",
        "rev": "0f9255e01c2351cc7d116c072cb317785dd33b33",
        "type": "github"
      },
      "original": {
        "owner": "edolstra",
        "repo": "flake-compat",
        "type": "github"
      }
    },
    "flake-compat_2": {
      "flake": false,
      "locked": {
        "narHash": "sha256-vA2PyJuXo7dYGMqM48HSHRyTmTi4P8qnAnVOE2w3wxk=",
        "type": "file",
        "url": "https://flakehub.com/f/edolstra/flake-compat/1"
      },
      "original": {
        "type": "file",
        "url": "https://flakehub.com/f/edolstra/flake-compat/1"
      }
    },
    "flake-parts": {
      "inputs": {
        "nixpkgs-lib": [
          "determinate",
          "nix",
          "nixpkgs"
        ]
      },
      "locked": {
        "lastModified": 1748821116,
        "narHash": "sha256-F82+gS044J1APL0n4hH50GYdPRv/5JWm34oCJYmVKdE=",
        "rev": "49f0870db23e8c1ca0b5259734a02cd9e1e371a1",
        "revCount": 377,
        "type": "tarball",
        "url": "https://api.flakehub.com/f/pinned/hercules-ci/flake-parts/0.1.377%2Brev-49f0870db23e8c1ca0b5259734a02cd9e1e371a1/01972f28-554a-73f8-91f4-d488cc502f08/source.tar.gz"
      },
      "original": {
        "type": "tarball",
        "url": "https://flakehub.com/f/hercules-ci/flake-parts/0.1"
      }
    },
    "flake-parts_2": {
      "inputs": {
        "nixpkgs-lib": [
          "nixpkgs"
        ]
      },
      "locked": {
        "lastModified": 1777932387,
        "narHash": "sha256-nUYVPiqrzr36ThiQOAr5MKeGHDBSDM3OFWkz0uDjOvc=",
        "owner": "hercules-ci",
        "repo": "flake-parts",
        "rev": "71a3a77326609675e9f8b51084cf23d5d1945899",
        "type": "github"
      },
      "original": {
        "owner": "hercules-ci",
        "repo": "flake-parts",
        "type": "github"
      }
    },
    "flake-utils": {
      "inputs": {
        "systems": [
          "systems"
        ]
      },
      "locked": {
        "lastModified": 1731533236,
        "narHash": "sha256-l0KFg5HjrsfsO/JpG+r7fRrqm12kzFHyUHqHCVpMMbI=",
        "rev": "11707dc2f618dd54ca8739b309ec4fc024de578b",
        "revCount": 102,
        "type": "tarball",
        "url": "https://api.flakehub.com/f/pinned/numtide/flake-utils/0.1.102%2Brev-11707dc2f618dd54ca8739b309ec4fc024de578b/0193276d-5b8f-7dbc-acf1-41cb7b54ad2e/source.tar.gz"
      },
      "original": {
        "type": "tarball",
        "url": "https://flakehub.com/f/numtide/flake-utils/0"
      }
    },
    "flat-flake": {
      "inputs": {
        "crane": [
          "crane"
        ],
        "flake-compat": [
          "flake-compat"
        ],
        "flake-parts": [
          "flake-parts"
        ],
        "nixpkgs": [
          "nixpkgs"
        ],
        "rust-overlay": [
          "rust-overlay"
        ],
        "systems": [
          "systems"
        ],
        "treefmt-nix": [
          "treefmt-nix"
        ]
      },
      "locked": {
        "lastModified": 1777652763,
        "narHash": "sha256-2tv2o+MmIG9e0HYh4orncQ0l3+KDnE0hbSalXBzDhKA=",
        "owner": "linyinfeng",
        "repo": "flat-flake",
        "rev": "b320371d68a2a86c61b55ae97a8581cd8f748be4",
        "type": "github"
      },
      "original": {
        "owner": "linyinfeng",
        "repo": "flat-flake",
        "type": "github"
      }
    },
    "git-hooks": {
      "inputs": {
        "flake-compat": [
          "flake-compat"
        ],
        "gitignore": [
          "gitignore"
        ],
        "nixpkgs": [
          "nixpkgs"
        ]
      },
      "locked": {
        "lastModified": 1776796298,
        "narHash": "sha256-PcRvlWayisPSjd0UcRQbhG8Oqw78AcPE6x872cPRHN8=",
        "rev": "3cfd774b0a530725a077e17354fbdb87ea1c4aad",
        "revCount": 1206,
        "type": "tarball",
        "url": "https://api.flakehub.com/f/pinned/cachix/git-hooks.nix/0.1.1206%2Brev-3cfd774b0a530725a077e17354fbdb87ea1c4aad/019db3d0-b0f7-7e32-9364-0e73e281ad8d/source.tar.gz"
      },
      "original": {
        "type": "tarball",
        "url": "https://flakehub.com/f/cachix/git-hooks.nix/0"
      }
    },
    "git-hooks-nix": {
      "inputs": {
        "flake-compat": "flake-compat",
        "gitignore": [
          "determinate",
          "nix"
        ],
        "nixpkgs": [
          "determinate",
          "nix",
          "nixpkgs"
        ]
      },
      "locked": {
        "lastModified": 1747372754,
        "narHash": "sha256-2Y53NGIX2vxfie1rOW0Qb86vjRZ7ngizoo+bnXU9D9k=",
        "rev": "80479b6ec16fefd9c1db3ea13aeb038c60530f46",
        "revCount": 1026,
        "type": "tarball",
        "url": "https://api.flakehub.com/f/pinned/cachix/git-hooks.nix/0.1.1026%2Brev-80479b6ec16fefd9c1db3ea13aeb038c60530f46/0196d79a-1b35-7b8e-a021-c894fb62163d/source.tar.gz"
      },
      "original": {
        "type": "tarball",
        "url": "https://flakehub.com/f/cachix/git-hooks.nix/0.1.941"
      }
    },
    "gitignore": {
      "inputs": {
        "nixpkgs": [
          "nixpkgs"
        ]
      },
      "locked": {
        "lastModified": 1762808025,
        "narHash": "sha256-XmjITeZNMTQXGhhww6ed/Wacy2KzD6svioyCX7pkUu4=",
        "owner": "hercules-ci",
        "repo": "gitignore.nix",
        "rev": "cb5e3fdca1de58ccbc3ef53de65bd372b48f567c",
        "type": "github"
      },
      "original": {
        "owner": "hercules-ci",
        "repo": "gitignore.nix",
        "type": "github"
      }
    },
    "home-manager": {
      "inputs": {
        "nixpkgs": [
          "nixpkgs"
        ]
      },
      "locked": {
        "lastModified": 1777851538,
        "narHash": "sha256-Gp8qwTEYNoy2yvmErVGlvLOQvrtEECCAKbonW7VJef8=",
        "rev": "cc09c0f9b7eaa95c2d9827338a5eb03d32505ca5",
        "revCount": 5883,
        "type": "tarball",
        "url": "https://api.flakehub.com/f/pinned/nix-community/home-manager/0.2511.5883%2Brev-cc09c0f9b7eaa95c2d9827338a5eb03d32505ca5/019df1ad-8c7a-7e60-93a7-5e7f1a5d3c72/source.tar.gz"
      },
      "original": {
        "type": "tarball",
        "url": "https://flakehub.com/f/nix-community/home-manager/0.2511"
      }
    },
    "impermanence": {
      "inputs": {
        "home-manager": [
          "home-manager"
        ],
        "nixpkgs": [
          "nixpkgs"
        ]
      },
      "locked": {
        "lastModified": 1769548169,
        "narHash": "sha256-03+JxvzmfwRu+5JafM0DLbxgHttOQZkUtDWBmeUkN8Y=",
        "rev": "7b1d382faf603b6d264f58627330f9faa5cba149",
        "revCount": 203,
        "type": "tarball",
        "url": "https://api.flakehub.com/f/pinned/nix-community/impermanence/0.1.203%2Brev-7b1d382faf603b6d264f58627330f9faa5cba149/019c014c-22f0-7bc1-89bc-eaec73f657b8/source.tar.gz"
      },
      "original": {
        "type": "tarball",
        "url": "https://flakehub.com/f/nix-community/impermanence/0"
      }
    },
    "import-tree": {
      "locked": {
        "lastModified": 1773693634,
        "narHash": "sha256-BtZ2dtkBdSUnFPPFc+n0kcMbgaTxzFNPv2iaO326Ffg=",
        "owner": "vic",
        "repo": "import-tree",
        "rev": "c41e7d58045f9057880b0d85e1152d6a4430dbf1",
        "type": "github"
      },
      "original": {
        "owner": "vic",
        "repo": "import-tree",
        "type": "github"
      }
    },
    "llm-agents": {
      "inputs": {
        "blueprint": [
          "blueprint"
        ],
        "bun2nix": [
          "bun2nix"
        ],
        "flake-parts": [
          "flake-parts"
        ],
        "nixpkgs": [
          "nixpkgs-unstable"
        ],
        "systems": [
          "systems"
        ],
        "treefmt-nix": [
          "treefmt-nix"
        ]
      },
      "locked": {
        "lastModified": 1777958046,
        "narHash": "sha256-ake1nqFgKstRazw4OwxeOLMjTsN3sF+3IwWs9RrsS3A=",
        "owner": "numtide",
        "repo": "llm-agents.nix",
        "rev": "8e1a8e0fde8d660cf18e042d6daf7cea3f8f8e86",
        "type": "github"
      },
      "original": {
        "owner": "numtide",
        "repo": "llm-agents.nix",
        "type": "github"
      }
    },
    "mosh": {
      "flake": false,
      "locked": {
        "lastModified": 1756007500,
        "narHash": "sha256-I0YlND+B7MigFKQg+nnTFQb/li+D5oe/CFwoAc9eODg=",
        "owner": "jdrouhard",
        "repo": "mosh",
        "rev": "3d613c845cae0b8966a5d5dbadf2639a9e2f6fd8",
        "type": "github"
      },
      "original": {
        "owner": "jdrouhard",
        "repo": "mosh",
        "type": "github"
      }
    },
    "nix": {
      "inputs": {
        "flake-parts": "flake-parts",
        "git-hooks-nix": "git-hooks-nix",
        "nixpkgs": "nixpkgs",
        "nixpkgs-23-11": "nixpkgs-23-11",
        "nixpkgs-regression": "nixpkgs-regression"
      },
      "locked": {
        "lastModified": 1777918043,
        "narHash": "sha256-Zl229Ynd484malKv6UPbbjIgRZHThLH3NugvUD63M6M=",
        "rev": "35185ec4d4dcdfe34e08f0e48f6a66afd3b95007",
        "revCount": 25846,
        "type": "tarball",
        "url": "https://api.flakehub.com/f/pinned/DeterminateSystems/nix-src/3.19.1/019df44d-015e-7013-9fce-a0a4d4a95c7b/source.tar.gz"
      },
      "original": {
        "type": "tarball",
        "url": "https://flakehub.com/f/DeterminateSystems/nix-src/%2A"
      }
    },
    "nix-darwin": {
      "inputs": {
        "nixpkgs": [
          "nixpkgs"
        ]
      },
      "locked": {
        "lastModified": 1772129556,
        "narHash": "sha256-Utk0zd8STPsUJPyjabhzPc5BpPodLTXrwkpXBHYnpeg=",
        "rev": "ebec37af18215214173c98cf6356d0aca24a2585",
        "revCount": 2293,
        "type": "tarball",
        "url": "https://api.flakehub.com/f/pinned/nix-darwin/nix-darwin/0.2511.2293%2Brev-ebec37af18215214173c98cf6356d0aca24a2585/019c9b29-24a7-7bb8-a961-4fc176ed0edd/source.tar.gz"
      },
      "original": {
        "type": "tarball",
        "url": "https://flakehub.com/f/nix-darwin/nix-darwin/0"
      }
    },
    "nix-homebrew": {
      "inputs": {
        "brew-src": "brew-src"
      },
      "locked": {
        "lastModified": 1777250621,
        "narHash": "sha256-WynkkG0hdZ5niYPJUbVg7oMfu8MVwGGzKZ6lKmfa+O8=",
        "owner": "zhaofengli",
        "repo": "nix-homebrew",
        "rev": "aeb2069920742d0d6570089e8b3b8620050bacf2",
        "type": "github"
      },
      "original": {
        "owner": "zhaofengli",
        "repo": "nix-homebrew",
        "type": "github"
      }
    },
    "nix-index-database": {
      "inputs": {
        "nixpkgs": [
          "nixpkgs"
        ]
      },
      "locked": {
        "lastModified": 1777787189,
        "narHash": "sha256-2KUbS/HhzWW3kkkY1+RiWj9mJ76VEXw8lBJzcCFKzfY=",
        "owner": "Mic92",
        "repo": "nix-index-database",
        "rev": "2dea2b920e7127b3afa8506713f23536651de312",
        "type": "github"
      },
      "original": {
        "owner": "Mic92",
        "repo": "nix-index-database",
        "type": "github"
      }
    },
    "nixCats": {
      "locked": {
        "lastModified": 1777273601,
        "narHash": "sha256-xBUa8Tl9V7IXI+VmLEuDc81La/EhoSn1C3EVSnJ3cfU=",
        "owner": "BirdeeHub",
        "repo": "nixCats-nvim",
        "rev": "f69ea013e328841a7def7037ed59788a76be8816",
        "type": "github"
      },
      "original": {
        "owner": "BirdeeHub",
        "repo": "nixCats-nvim",
        "type": "github"
      }
    },
    "nixarr": {
      "inputs": {
        "nixpkgs": [
          "nixpkgs"
        ],
        "treefmt-nix": "treefmt-nix",
        "vpnconfinement": [
          "vpnconfinement"
        ],
        "website-builder": [
          "website-builder"
        ]
      },
      "locked": {
        "lastModified": 1777926760,
        "narHash": "sha256-kt2MVO9p6OS+cRntlWemfLVTx2zB27epugXLHN+2uJA=",
        "owner": "rasmus-kirk",
        "repo": "nixarr",
        "rev": "55ce80165e8c2509d4e200daeaa9c2bce039c867",
        "type": "github"
      },
      "original": {
        "owner": "rasmus-kirk",
        "repo": "nixarr",
        "type": "github"
      }
    },
    "nixos-apple-silicon": {
      "inputs": {
        "flake-compat": [
          "flake-compat"
        ],
        "nixpkgs": [
          "nixpkgs"
        ]
      },
      "locked": {
        "lastModified": 1777553167,
        "narHash": "sha256-wyGbwRrLlcwAwMcXX6QAd7yzF8wEjFhULYUO4Ajz7W4=",
        "owner": "nix-community",
        "repo": "nixos-apple-silicon",
        "rev": "61259a00667ee19410810b992bee615b00587aca",
        "type": "github"
      },
      "original": {
        "owner": "nix-community",
        "repo": "nixos-apple-silicon",
        "type": "github"
      }
    },
    "nixos-hardware": {
      "locked": {
        "lastModified": 1761824787,
        "narHash": "sha256-cH0vVt83ZBafqJzwOl7IHTXo6KA1c1J+8qvMjfARMqI=",
        "rev": "e07b1618c3009195ffbd4749e9b5618511260557",
        "revCount": 2470,
        "type": "tarball",
        "url": "https://api.flakehub.com/f/pinned/nixos/nixos-hardware/0.1.2470%2Brev-e07b1618c3009195ffbd4749e9b5618511260557/019a3500-fe98-71d0-908c-81c78f5f82cf/source.tar.gz"
      },
      "original": {
        "type": "tarball",
        "url": "https://flakehub.com/f/nixos/nixos-hardware/0"
      }
    },
    "nixos-unified": {
      "locked": {
        "lastModified": 1776963825,
        "narHash": "sha256-h8ohEfNWB6FBHSnCxdWXnPIhseGIg+3+uYPzDxQdAAc=",
        "owner": "srid",
        "repo": "nixos-unified",
        "rev": "d2818c36b8637f9abde16ecf4e81991e43b8529e",
        "type": "github"
      },
      "original": {
        "owner": "srid",
        "repo": "nixos-unified",
        "type": "github"
      }
    },
    "nixpkgs": {
      "locked": {
        "lastModified": 1773222311,
        "narHash": "sha256-BHoB/XpbqoZkVYZCfXJXfkR+GXFqwb/4zbWnOr2cRcU=",
        "rev": "0590cd39f728e129122770c029970378a79d076a",
        "revCount": 909248,
        "type": "tarball",
        "url": "https://api.flakehub.com/f/pinned/NixOS/nixpkgs/0.2511.909248%2Brev-0590cd39f728e129122770c029970378a79d076a/019ce32b-8ace-7339-b129-cceaa8dd10c6/source.tar.gz"
      },
      "original": {
        "type": "tarball",
        "url": "https://flakehub.com/f/NixOS/nixpkgs/0.2511"
      }
    },
    "nixpkgs-23-11": {
      "locked": {
        "lastModified": 1717159533,
        "narHash": "sha256-oamiKNfr2MS6yH64rUn99mIZjc45nGJlj9eGth/3Xuw=",
        "owner": "NixOS",
        "repo": "nixpkgs",
        "rev": "a62e6edd6d5e1fa0329b8653c801147986f8d446",
        "type": "github"
      },
      "original": {
        "owner": "NixOS",
        "repo": "nixpkgs",
        "rev": "a62e6edd6d5e1fa0329b8653c801147986f8d446",
        "type": "github"
      }
    },
    "nixpkgs-regression": {
      "locked": {
        "lastModified": 1643052045,
        "narHash": "sha256-uGJ0VXIhWKGXxkeNnq4TvV3CIOkUJ3PAoLZ3HMzNVMw=",
        "owner": "NixOS",
        "repo": "nixpkgs",
        "rev": "215d4d0fd80ca5163643b03a33fde804a29cc1e2",
        "type": "github"
      },
      "original": {
        "owner": "NixOS",
        "repo": "nixpkgs",
        "rev": "215d4d0fd80ca5163643b03a33fde804a29cc1e2",
        "type": "github"
      }
    },
    "nixpkgs-unstable": {
      "locked": {
        "lastModified": 1777578337,
        "narHash": "sha256-Ad49moKWeXtKBJNy2ebiTQUEgdLyvGmTeykAQ9xM+Z4=",
        "rev": "15f4ee454b1dce334612fa6843b3e05cf546efab",
        "revCount": 990025,
        "type": "tarball",
        "url": "https://api.flakehub.com/f/pinned/NixOS/nixpkgs/0.1.990025%2Brev-15f4ee454b1dce334612fa6843b3e05cf546efab/019de756-85a1-7400-84a3-d277a7ed191b/source.tar.gz"
      },
      "original": {
        "type": "tarball",
        "url": "https://flakehub.com/f/NixOS/nixpkgs/0.1"
      }
    },
    "nixpkgs_2": {
      "locked": {
        "lastModified": 1776949667,
        "narHash": "sha256-GMSVw35Q+294GlrTUKlx087E31z7KurReQ1YHSKp5iw=",
        "rev": "01fbdeef22b76df85ea168fbfe1bfd9e63681b30",
        "revCount": 985930,
        "type": "tarball",
        "url": "https://api.flakehub.com/f/pinned/DeterminateSystems/nixpkgs-weekly/0.1.985930%2Brev-01fbdeef22b76df85ea168fbfe1bfd9e63681b30/019dd2c0-665a-7740-8096-1a0c0d7a8d1f/source.tar.gz"
      },
      "original": {
        "type": "tarball",
        "url": "https://flakehub.com/f/DeterminateSystems/nixpkgs-weekly/0.1"
      }
    },
    "nixpkgs_3": {
      "locked": {
        "lastModified": 1777673416,
        "narHash": "sha256-5c2POKPOjU40Kh0MirOdScBLG0bu9TAuPYAtPRNZMBs=",
        "rev": "26ef669cffa904b6f6832ab57b77892a37c1a671",
        "revCount": 911961,
        "type": "tarball",
        "url": "https://api.flakehub.com/f/pinned/NixOS/nixpkgs/0.2511.911961%2Brev-26ef669cffa904b6f6832ab57b77892a37c1a671/019deef5-f1dd-74a1-ad41-60eafd3dc5f4/source.tar.gz"
      },
      "original": {
        "type": "tarball",
        "url": "https://flakehub.com/f/NixOS/nixpkgs/0"
      }
    },
    "noctalia": {
      "inputs": {
        "nixpkgs": [
          "nixpkgs"
        ],
        "noctalia-qs": [
          "noctalia-qs"
        ]
      },
      "locked": {
        "lastModified": 1777859147,
        "narHash": "sha256-0vCgxdwrxBkHmqNgJtUMGCFwSV5a6AgYdKAgBCtFFPM=",
        "owner": "noctalia-dev",
        "repo": "noctalia-shell",
        "rev": "6b48834dd6c3913d211476ab2f964f3fb100675e",
        "type": "github"
      },
      "original": {
        "owner": "noctalia-dev",
        "repo": "noctalia-shell",
        "type": "github"
      }
    },
    "noctalia-qs": {
      "inputs": {
        "nixpkgs": [
          "nixpkgs"
        ],
        "systems": [
          "systems"
        ],
        "treefmt-nix": [
          "treefmt-nix"
        ]
      },
      "locked": {
        "lastModified": 1777773024,
        "narHash": "sha256-pLU+KB84A0Jei/vTD6pOS4Ovkmq3QDfPQHg1MlKsRqM=",
        "owner": "noctalia-dev",
        "repo": "noctalia-qs",
        "rev": "d3e26ccd9eecde9139be00caf5dc2d4260fb31ee",
        "type": "github"
      },
      "original": {
        "owner": "noctalia-dev",
        "repo": "noctalia-qs",
        "type": "github"
      }
    },
    "plugins-catppuccin": {
      "flake": false,
      "locked": {
        "lastModified": 1775518241,
        "narHash": "sha256-qs74a/h9nUoI1uZ7Rlh8krgWkTaIh4SaHshhPiDwBis=",
        "owner": "catppuccin",
        "repo": "nvim",
        "rev": "426dbebe06b5c69fd846ceb17b42e12f890aedf1",
        "type": "github"
      },
      "original": {
        "owner": "catppuccin",
        "repo": "nvim",
        "type": "github"
      }
    },
    "plugins-inlay-hints": {
      "flake": false,
      "locked": {
        "lastModified": 1776955729,
        "narHash": "sha256-dTSCTrUnJnBV8Ts/CIfM+I5OP+AgA7EAXAAHAT/LKP4=",
        "owner": "MysticalDevil",
        "repo": "inlay-hints.nvim",
        "rev": "cd812e937ea8ac3153f23dc95d89cc6c0eda46e6",
        "type": "github"
      },
      "original": {
        "owner": "MysticalDevil",
        "repo": "inlay-hints.nvim",
        "type": "github"
      }
    },
    "plugins-opencode-nvim": {
      "flake": false,
      "locked": {
        "lastModified": 1777919528,
        "narHash": "sha256-xTs6Dd46xHifabeINHz82+cWengCHCD7oTDrNF1xrE0=",
        "owner": "NickvanDyke",
        "repo": "opencode.nvim",
        "rev": "f77904d53bee4618e0b1e92796db4f154739777d",
        "type": "github"
      },
      "original": {
        "owner": "NickvanDyke",
        "repo": "opencode.nvim",
        "type": "github"
      }
    },
    "plugins-treesitter-textobjects": {
      "flake": false,
      "locked": {
        "lastModified": 1775552773,
        "narHash": "sha256-fOpRElIwvsFWm4AwETx7fpC3RtdH2BpCfX4YHVitqw0=",
        "owner": "nvim-treesitter",
        "repo": "nvim-treesitter-textobjects",
        "rev": "851e865342e5a4cb1ae23d31caf6e991e1c99f1e",
        "type": "github"
      },
      "original": {
        "owner": "nvim-treesitter",
        "ref": "main",
        "repo": "nvim-treesitter-textobjects",
        "type": "github"
      }
    },
    "plugins-vimtex": {
      "flake": false,
      "locked": {
        "lastModified": 1777626926,
        "narHash": "sha256-LsWTI/JElapBImGB6nUUtZT5EpG7djaRniKq/oSFpJM=",
        "owner": "lervag",
        "repo": "vimtex",
        "rev": "97e11bd4f56d46a87f8593d6ccb27820e19c4ab0",
        "type": "github"
      },
      "original": {
        "owner": "lervag",
        "repo": "vimtex",
        "type": "github"
      }
    },
    "root": {
      "inputs": {
        "agenix": "agenix",
        "beam-flakes": "beam-flakes",
        "blueprint": "blueprint",
        "bun2nix": "bun2nix",
        "catppuccin": "catppuccin",
        "crane": "crane",
        "deploy-rs": "deploy-rs",
        "determinate": "determinate",
        "disko": "disko",
        "elixir-expert": "elixir-expert",
        "flake-compat": "flake-compat_2",
        "flake-parts": "flake-parts_2",
        "flake-utils": "flake-utils",
        "flat-flake": "flat-flake",
        "git-hooks": "git-hooks",
        "gitignore": "gitignore",
        "home-manager": "home-manager",
        "impermanence": "impermanence",
        "import-tree": "import-tree",
        "llm-agents": "llm-agents",
        "mosh": "mosh",
        "nix-darwin": "nix-darwin",
        "nix-homebrew": "nix-homebrew",
        "nix-index-database": "nix-index-database",
        "nixCats": "nixCats",
        "nixarr": "nixarr",
        "nixos-apple-silicon": "nixos-apple-silicon",
        "nixos-hardware": "nixos-hardware",
        "nixos-unified": "nixos-unified",
        "nixpkgs": "nixpkgs_3",
        "nixpkgs-unstable": "nixpkgs-unstable",
        "noctalia": "noctalia",
        "noctalia-qs": "noctalia-qs",
        "plugins-catppuccin": "plugins-catppuccin",
        "plugins-inlay-hints": "plugins-inlay-hints",
        "plugins-opencode-nvim": "plugins-opencode-nvim",
        "plugins-treesitter-textobjects": "plugins-treesitter-textobjects",
        "plugins-vimtex": "plugins-vimtex",
        "rust-overlay": "rust-overlay",
        "srvos": "srvos",
        "systems": "systems",
        "tidal-to-strawberry": "tidal-to-strawberry",
        "treefmt-nix": "treefmt-nix_2",
        "vim": "vim",
        "vpnconfinement": "vpnconfinement",
        "website-builder": "website-builder"
      }
    },
    "rust-overlay": {
      "inputs": {
        "nixpkgs": [
          "nixpkgs"
        ]
      },
      "locked": {
        "lastModified": 1777950921,
        "narHash": "sha256-NpOgt8ISaHTDNJZjNUfwFfbieKfRXzab4WKM31gZCGA=",
        "owner": "oxalica",
        "repo": "rust-overlay",
        "rev": "366ea19e0e55b768f74b7a0b2a20f847e7ae828d",
        "type": "github"
      },
      "original": {
        "owner": "oxalica",
        "repo": "rust-overlay",
        "type": "github"
      }
    },
    "srvos": {
      "inputs": {
        "nixpkgs": [
          "nixpkgs"
        ]
      },
      "locked": {
        "lastModified": 1777862740,
        "narHash": "sha256-W6g53anJ2XSZWeysVBiKzk9kMyWlB2lknUYpTA2SiQY=",
        "owner": "nix-community",
        "repo": "srvos",
        "rev": "1131c2898d718b2c35cbee54056db3df24abdb74",
        "type": "github"
      },
      "original": {
        "owner": "nix-community",
        "repo": "srvos",
        "type": "github"
      }
    },
    "systems": {
      "locked": {
        "lastModified": 1681028828,
        "narHash": "sha256-Vy1rq5AaRuLzOxct8nz4T6wlgyUR7zLU309k9mBC768=",
        "owner": "nix-systems",
        "repo": "default",
        "rev": "da67096a3b9bf56a91d16901293e51ba5b49a27e",
        "type": "github"
      },
      "original": {
        "owner": "nix-systems",
        "repo": "default",
        "type": "github"
      }
    },
    "tidal-to-strawberry": {
      "inputs": {
        "flake-utils": [
          "flake-utils"
        ],
        "nixpkgs": [
          "nixpkgs"
        ]
      },
      "locked": {
        "lastModified": 1773908393,
        "narHash": "sha256-MdfdU7WWBWmrfSBEa56hrM2UbjUL/wayDj22gCxNNS4=",
        "owner": "volodiapg",
        "repo": "tidal-to-strawberry",
        "rev": "ffa819c0d4a69d9e3da2eac6d012fea63d7e886d",
        "type": "github"
      },
      "original": {
        "owner": "volodiapg",
        "repo": "tidal-to-strawberry",
        "type": "github"
      }
    },
    "treefmt-nix": {
      "inputs": {
        "nixpkgs": [
          "nixarr",
          "nixpkgs"
        ]
      },
      "locked": {
        "lastModified": 1775125835,
        "narHash": "sha256-2qYcPgzFhnQWchHo0SlqLHrXpux5i6ay6UHA+v2iH4U=",
        "owner": "numtide",
        "repo": "treefmt-nix",
        "rev": "75925962939880974e3ab417879daffcba36c4a3",
        "type": "github"
      },
      "original": {
        "owner": "numtide",
        "repo": "treefmt-nix",
        "type": "github"
      }
    },
    "treefmt-nix_2": {
      "inputs": {
        "nixpkgs": [
          "nixpkgs"
        ]
      },
      "locked": {
        "lastModified": 1775636079,
        "narHash": "sha256-pc20NRoMdiar8oPQceQT47UUZMBTiMdUuWrYu2obUP0=",
        "rev": "790751ff7fd3801feeaf96d7dc416a8d581265ba",
        "revCount": 549,
        "type": "tarball",
        "url": "https://api.flakehub.com/f/pinned/numtide/treefmt-nix/0.1.549%2Brev-790751ff7fd3801feeaf96d7dc416a8d581265ba/019d6e3b-1694-778b-815d-4d14e65af190/source.tar.gz"
      },
      "original": {
        "type": "tarball",
        "url": "https://flakehub.com/f/numtide/treefmt-nix/0"
      }
    },
    "vim": {
      "inputs": {
        "elixir-expert": [
          "elixir-expert"
        ],
        "nixCats": [
          "nixCats"
        ],
        "nixpkgs": [
          "nixpkgs"
        ],
        "plugins-catppuccin": [
          "plugins-catppuccin"
        ],
        "plugins-inlay-hints": [
          "plugins-inlay-hints"
        ],
        "plugins-opencode-nvim": [
          "plugins-opencode-nvim"
        ],
        "plugins-treesitter-textobjects": [
          "plugins-treesitter-textobjects"
        ],
        "plugins-vimtex": [
          "plugins-vimtex"
        ]
      },
      "locked": {
        "lastModified": 1776324091,
        "narHash": "sha256-q+99g4HuN/mti2XaCbo3iZ1W6z7vKewmmmzYDES0Sws=",
        "owner": "volodiapg",
        "repo": "vim",
        "rev": "b8912db4548e563fd59f93ff7cf7cb87929c76b7",
        "type": "github"
      },
      "original": {
        "owner": "volodiapg",
        "repo": "vim",
        "type": "github"
      }
    },
    "vpnconfinement": {
      "locked": {
        "lastModified": 1767604552,
        "narHash": "sha256-FddhMxnc99KYOZ/S3YNqtDSoxisIhVtJ7L4s8XD2u0A=",
        "owner": "Maroka-chan",
        "repo": "VPN-Confinement",
        "rev": "a6b2da727853886876fd1081d6bb2880752937f3",
        "type": "github"
      },
      "original": {
        "owner": "Maroka-chan",
        "repo": "VPN-Confinement",
        "type": "github"
      }
    },
    "website-builder": {
      "inputs": {
        "nixpkgs": [
          "nixpkgs"
        ]
      },
      "locked": {
        "lastModified": 1771957511,
        "narHash": "sha256-MxpsyVQguwmeN40gblvcYLtL4xiriGYB6UyP+JergpQ=",
        "owner": "rasmus-kirk",
        "repo": "website-builder",
        "rev": "896af41c1a01f934799356f1f51cfddff2abda82",
        "type": "github"
      },
      "original": {
        "owner": "rasmus-kirk",
        "repo": "website-builder",
        "type": "github"
      }
    }
  },
  "root": "root",
  "version": 7
}
